
Microsoft Visual Studio Solution File, Format Version 12.00
# Visual Studio Version 17
VisualStudioVersion = 17.14.36221.1 d17.14
MinimumVisualStudioVersion = 10.0.40219.1
Project("{FAE04EC0-301F-11D3-BF4B-00C04F79EFBC}") = "2FA_Backend", "2FA_Backend\2FA_Backend.csproj", "{B96A7F93-CE2E-421F-9CAD-C3203F403C16}"
EndProject
Global
	GlobalSection(SolutionConfigurationPlatforms) = preSolution
		Debug|Any CPU = Debug|Any CPU
		Release|Any CPU = Release|Any CPU
	EndGlobalSection
	GlobalSection(ProjectConfigurationPlatforms) = postSolution
		{B96A7F93-CE2E-421F-9CAD-C3203F403C16}.Debug|Any CPU.ActiveCfg = Debug|Any CPU
		{B96A7F93-CE2E-421F-9CAD-C3203F403C16}.Debug|Any CPU.Build.0 = Debug|Any CPU
		{B96A7F93-CE2E-421F-9CAD-C3203F403C16}.Release|Any CPU.ActiveCfg = Release|Any CPU
		{B96A7F93-CE2E-421F-9CAD-C3203F403C16}.Release|Any CPU.Build.0 = Release|Any CPU
	EndGlobalSection
	GlobalSection(SolutionProperties) = preSolution
		HideSolutionNode = FALSE
	EndGlobalSection
	GlobalSection(ExtensibilityGlobals) = postSolution
		SolutionGuid = {2F4DF2A5-7544-4A22-A352-95608E150D25}
	EndGlobalSection
EndGlobal
